# This file is automatically @generated by Cargo.
# It is not intended for manual editing.
version = 3

[[package]]
name = "flammkuchen"
version = "0.1.0"
dependencies = [
 "yare",
]

[[package]]
name = "proc-macro2"
version = "1.0.92"
source = "registry+https://github.com/rust-lang/crates.io-index"
checksum = "37d3544b3f2748c54e147655edb5025752e2303145b5aefb3c3ea2c78b973bb0"
dependencies = [
 "unicode-ident",
]

[[package]]
name = "quote"
version = "1.0.37"
source = "registry+https://github.com/rust-lang/crates.io-index"
checksum = "b5b9d34b8991d19d98081b46eacdd8eb58c6f2b201139f7c5f643cc155a633af"
dependencies = [
 "proc-macro2",
]

[[package]]
name = "syn"
version = "2.0.91"
source = "registry+https://github.com/rust-lang/crates.io-index"
checksum = "d53cbcb5a243bd33b7858b1d7f4aca2153490815872d86d955d6ea29f743c035"
dependencies = [
 "proc-macro2",
 "quote",
 "unicode-ident",
]

[[package]]
name = "unicode-ident"
version = "1.0.14"
source = "registry+https://github.com/rust-lang/crates.io-index"
checksum = "adb9e6ca4f869e1180728b7950e35922a7fc6397f7b641499e8f3ef06e50dc83"

[[package]]
name = "yare"
version = "3.0.0"
source = "registry+https://github.com/rust-lang/crates.io-index"
checksum = "cd38b61ea41431e67d75175dedcf452d555e99a08a5d0cf9ea6fdd35ef615c7c"
dependencies = [
 "yare-macro",
]

[[package]]
name = "yare-macro"
version = "3.0.0"
source = "registry+https://github.com/rust-lang/crates.io-index"
checksum = "ac8d4626f0bd81499df0d68262eb1b819b0025edc6832ade7fbf10597b008efe"
dependencies = [
 "proc-macro2",
 "quote",
 "syn",
]
